
Microsoft Visual Studio Solution File, Format Version 12.00
# Visual Studio 15
VisualStudioVersion = 15.0.28307.421
MinimumVisualStudioVersion = 10.0.40219.1
Project("{FAE04EC0-301F-11D3-BF4B-00C04F79EFBC}") = "ObjectTypeFixer", "ObjectTypeFixer\ObjectTypeFixer.csproj", "{DCA3A912-401E-4418-85C2-B68570F32874}"
EndProject
Global
	GlobalSection(SolutionConfigurationPlatforms) = preSolution
		Debug|Any CPU = Debug|Any CPU
		Release|Any CPU = Release|Any CPU
	EndGlobalSection
	GlobalSection(ProjectConfigurationPlatforms) = postSolution
		{DCA3A912-401E-4418-85C2-B68570F32874}.Debug|Any CPU.ActiveCfg = Debug|Any CPU
		{DCA3A912-401E-4418-85C2-B68570F32874}.Debug|Any CPU.Build.0 = Debug|Any CPU
		{DCA3A912-401E-4418-85C2-B68570F32874}.Release|Any CPU.ActiveCfg = Release|Any CPU
		{DCA3A912-401E-4418-85C2-B68570F32874}.Release|Any CPU.Build.0 = Release|Any CPU
	EndGlobalSection
	GlobalSection(SolutionProperties) = preSolution
		HideSolutionNode = FALSE
	EndGlobalSection
	GlobalSection(ExtensibilityGlobals) = postSolution
		SolutionGuid = {16AFCD78-4AEE-4686-B342-0660F426F228}
	EndGlobalSection
EndGlobal
